
Microsoft Visual Studio Solution File, Format Version 12.00
# Visual Studio Version 17
VisualStudioVersion = 17.10.35013.160
MinimumVisualStudioVersion = 10.0.40219.1
Project("{FAE04EC0-301F-11D3-BF4B-00C04F79EFBC}") = "ImagesSample", "ImagesSample\ImagesSample.csproj", "{0B212247-1D49-466C-BA73-EF70EFA494EB}"
EndProject
Global
	GlobalSection(SolutionConfigurationPlatforms) = preSolution
		Debug|Any CPU = Debug|Any CPU
		Release|Any CPU = Release|Any CPU
	EndGlobalSection
	GlobalSection(ProjectConfigurationPlatforms) = postSolution
		{0B212247-1D49-466C-BA73-EF70EFA494EB}.Debug|Any CPU.ActiveCfg = Debug|Any CPU
		{0B212247-1D49-466C-BA73-EF70EFA494EB}.Debug|Any CPU.Build.0 = Debug|Any CPU
		{0B212247-1D49-466C-BA73-EF70EFA494EB}.Release|Any CPU.ActiveCfg = Release|Any CPU
		{0B212247-1D49-466C-BA73-EF70EFA494EB}.Release|Any CPU.Build.0 = Release|Any CPU
	EndGlobalSection
	GlobalSection(SolutionProperties) = preSolution
		HideSolutionNode = FALSE
	EndGlobalSection
	GlobalSection(ExtensibilityGlobals) = postSolution
		SolutionGuid = {D77595B6-ED41-466B-A4F3-DD1D2885819A}
	EndGlobalSection
EndGlobal

